
Microsoft Visual Studio Solution File, Format Version 12.00
# Visual Studio Version 16
VisualStudioVersion = 16.0.31205.134
MinimumVisualStudioVersion = 10.0.40219.1
Project("{FAE04EC0-301F-11D3-BF4B-00C04F79EFBC}") = "AccessModifier", "AccessModifier\AccessModifier.csproj", "{5D76CDB3-8BB6-4D76-BED3-3B1F25FF9AC8}"
EndProject
Global
	GlobalSection(SolutionConfigurationPlatforms) = preSolution
		Debug|Any CPU = Debug|Any CPU
		Release|Any CPU = Release|Any CPU
	EndGlobalSection
	GlobalSection(ProjectConfigurationPlatforms) = postSolution
		{5D76CDB3-8BB6-4D76-BED3-3B1F25FF9AC8}.Debug|Any CPU.ActiveCfg = Debug|Any CPU
		{5D76CDB3-8BB6-4D76-BED3-3B1F25FF9AC8}.Debug|Any CPU.Build.0 = Debug|Any CPU
		{5D76CDB3-8BB6-4D76-BED3-3B1F25FF9AC8}.Release|Any CPU.ActiveCfg = Release|Any CPU
		{5D76CDB3-8BB6-4D76-BED3-3B1F25FF9AC8}.Release|Any CPU.Build.0 = Release|Any CPU
	EndGlobalSection
	GlobalSection(SolutionProperties) = preSolution
		HideSolutionNode = FALSE
	EndGlobalSection
	GlobalSection(ExtensibilityGlobals) = postSolution
		SolutionGuid = {E6A9CC43-04FC-4279-8066-E9ED4AE00B27}
	EndGlobalSection
EndGlobal
